
Microsoft Visual Studio Solution File, Format Version 12.00
# Visual Studio Version 17
VisualStudioVersion = 17.3.32708.82
MinimumVisualStudioVersion = 10.0.40219.1
Project("{9A19103F-16F7-4668-BE54-9A1E7A4F7556}") = "OfferCheckerConsoleApp", "OfferCheckerConsoleApp\OfferCheckerConsoleApp.csproj", "{A37C96FE-FDF4-4136-BF0A-2FB1010C0318}"
EndProject
Global
	GlobalSection(SolutionConfigurationPlatforms) = preSolution
		Debug|Any CPU = Debug|Any CPU
		Release|Any CPU = Release|Any CPU
	EndGlobalSection
	GlobalSection(ProjectConfigurationPlatforms) = postSolution
		{A37C96FE-FDF4-4136-BF0A-2FB1010C0318}.Debug|Any CPU.ActiveCfg = Debug|Any CPU
		{A37C96FE-FDF4-4136-BF0A-2FB1010C0318}.Debug|Any CPU.Build.0 = Debug|Any CPU
		{A37C96FE-FDF4-4136-BF0A-2FB1010C0318}.Release|Any CPU.ActiveCfg = Release|Any CPU
		{A37C96FE-FDF4-4136-BF0A-2FB1010C0318}.Release|Any CPU.Build.0 = Release|Any CPU
	EndGlobalSection
	GlobalSection(SolutionProperties) = preSolution
		HideSolutionNode = FALSE
	EndGlobalSection
	GlobalSection(ExtensibilityGlobals) = postSolution
		SolutionGuid = {CD3E1B11-D4F0-4224-9BC1-FC468A6D7E86}
	EndGlobalSection
EndGlobal
